
Microsoft Visual Studio Solution File, Format Version 12.00
# Visual Studio Version 17
VisualStudioVersion = 17.14.36518.9
MinimumVisualStudioVersion = 10.0.40219.1
Project("{2150E333-8FDC-42A3-9474-1A3956D46DE8}") = "API", "API", "{02EA681E-C7D8-13C7-8484-4AC65E1B71E8}"
EndProject
Project("{2150E333-8FDC-42A3-9474-1A3956D46DE8}") = "CORE", "CORE", "{D0AEDF95-B70D-431C-9F0E-1E3A7A9CB8C9}"
EndProject
Project("{2150E333-8FDC-42A3-9474-1A3956D46DE8}") = "Infraestructura", "Infraestructura", "{FF6FD770-B2F4-4FAD-A87B-0848FE2862D6}"
EndProject
Project("{2150E333-8FDC-42A3-9474-1A3956D46DE8}") = "IOC", "IOC", "{EF5A0CB4-0A29-45AF-9586-514F3A17A815}"
EndProject
Project("{2150E333-8FDC-42A3-9474-1A3956D46DE8}") = "Apps", "Apps", "{F81A5FF4-27BC-42BA-86AC-AA2E1755B30F}"
EndProject
Project("{2150E333-8FDC-42A3-9474-1A3956D46DE8}") = "Test", "Test", "{17F7B902-BDC2-44E2-864E-EB1BA6402177}"
EndProject
Project("{FAE04EC0-301F-11D3-BF4B-00C04F79EFBC}") = "Medicine.Domain", "Medicine.Domain\Medicine.Domain.csproj", "{8B919A50-44B7-4372-8D18-FBE5229552D1}"
EndProject
Project("{FAE04EC0-301F-11D3-BF4B-00C04F79EFBC}") = "Medicine.Application", "Medicine.Application\Medicine.Application.csproj", "{72A6F4DC-207B-4F92-8CA4-78BCFA36F63C}"
EndProject
Project("{FAE04EC0-301F-11D3-BF4B-00C04F79EFBC}") = "Medicine.Persistence", "Medicine.Persistence\Medicine.Persistence.csproj", "{014B7226-AF05-484A-956F-7D1A70E4D0C5}"
EndProject
Project("{FAE04EC0-301F-11D3-BF4B-00C04F79EFBC}") = "Medicine.IOC", "Medicine.IOC\Medicine.IOC.csproj", "{EBABD819-B0D3-4B48-BE3D-A2EDD22E4F82}"
EndProject
Project("{FAE04EC0-301F-11D3-BF4B-00C04F79EFBC}") = "Medicine.Api", "Medicine.Api\Medicine.Api.csproj", "{E5DFCDEB-1AF7-4888-9B38-3C23CAE64B9B}"
EndProject
Project("{FAE04EC0-301F-11D3-BF4B-00C04F79EFBC}") = "Medicine.web", "Medicine.web\Medicine.web.csproj", "{9833D621-B2B7-4DC2-8666-2D39F7B382D4}"
EndProject
Project("{FAE04EC0-301F-11D3-BF4B-00C04F79EFBC}") = "Medicine.Desktop", "Medicine.Desktop\Medicine.Desktop.csproj", "{6C3825FC-B342-430C-8EDD-7FAA8C63FE75}"
EndProject
Project("{FAE04EC0-301F-11D3-BF4B-00C04F79EFBC}") = "Medicine.Application.Test", "Medicine.Application.Test\Medicine.Application.Test.csproj", "{82EEE7F9-63CE-49C2-B57E-E0FF034BA420}"
EndProject
Project("{FAE04EC0-301F-11D3-BF4B-00C04F79EFBC}") = "Medicine.Persistence.Test", "Medicine.Persistence.Test\Medicine.Persistence.Test.csproj", "{FCAECAFC-7FA5-44C8-ADF9-7D13C43A605D}"
EndProject
Project("{FAE04EC0-301F-11D3-BF4B-00C04F79EFBC}") = "Medicine.mobile", "Medicine.mobile\Medicine.mobile.csproj", "{7C8BA45E-4FFA-45D5-87F5-28B43F54FFD6}"
EndProject
Global
	GlobalSection(SolutionConfigurationPlatforms) = preSolution
		Debug|Any CPU = Debug|Any CPU
		Release|Any CPU = Release|Any CPU
	EndGlobalSection
	GlobalSection(ProjectConfigurationPlatforms) = postSolution
		{8B919A50-44B7-4372-8D18-FBE5229552D1}.Debug|Any CPU.ActiveCfg = Debug|Any CPU
		{8B919A50-44B7-4372-8D18-FBE5229552D1}.Debug|Any CPU.Build.0 = Debug|Any CPU
		{8B919A50-44B7-4372-8D18-FBE5229552D1}.Release|Any CPU.ActiveCfg = Release|Any CPU
		{8B919A50-44B7-4372-8D18-FBE5229552D1}.Release|Any CPU.Build.0 = Release|Any CPU
		{72A6F4DC-207B-4F92-8CA4-78BCFA36F63C}.Debug|Any CPU.ActiveCfg = Debug|Any CPU
		{72A6F4DC-207B-4F92-8CA4-78BCFA36F63C}.Debug|Any CPU.Build.0 = Debug|Any CPU
		{72A6F4DC-207B-4F92-8CA4-78BCFA36F63C}.Release|Any CPU.ActiveCfg = Release|Any CPU
		{72A6F4DC-207B-4F92-8CA4-78BCFA36F63C}.Release|Any CPU.Build.0 = Release|Any CPU
		{014B7226-AF05-484A-956F-7D1A70E4D0C5}.Debug|Any CPU.ActiveCfg = Debug|Any CPU
		{014B7226-AF05-484A-956F-7D1A70E4D0C5}.Debug|Any CPU.Build.0 = Debug|Any CPU
		{014B7226-AF05-484A-956F-7D1A70E4D0C5}.Release|Any CPU.ActiveCfg = Release|Any CPU
		{014B7226-AF05-484A-956F-7D1A70E4D0C5}.Release|Any CPU.Build.0 = Release|Any CPU
		{EBABD819-B0D3-4B48-BE3D-A2EDD22E4F82}.Debug|Any CPU.ActiveCfg = Debug|Any CPU
		{EBABD819-B0D3-4B48-BE3D-A2EDD22E4F82}.Debug|Any CPU.Build.0 = Debug|Any CPU
		{EBABD819-B0D3-4B48-BE3D-A2EDD22E4F82}.Release|Any CPU.ActiveCfg = Release|Any CPU
		{EBABD819-B0D3-4B48-BE3D-A2EDD22E4F82}.Release|Any CPU.Build.0 = Release|Any CPU
		{E5DFCDEB-1AF7-4888-9B38-3C23CAE64B9B}.Debug|Any CPU.ActiveCfg = Debug|Any CPU
		{E5DFCDEB-1AF7-4888-9B38-3C23CAE64B9B}.Debug|Any CPU.Build.0 = Debug|Any CPU
		{E5DFCDEB-1AF7-4888-9B38-3C23CAE64B9B}.Release|Any CPU.ActiveCfg = Release|Any CPU
		{E5DFCDEB-1AF7-4888-9B38-3C23CAE64B9B}.Release|Any CPU.Build.0 = Release|Any CPU
		{9833D621-B2B7-4DC2-8666-2D39F7B382D4}.Debug|Any CPU.ActiveCfg = Debug|Any CPU
		{9833D621-B2B7-4DC2-8666-2D39F7B382D4}.Debug|Any CPU.Build.0 = Debug|Any CPU
		{9833D621-B2B7-4DC2-8666-2D39F7B382D4}.Release|Any CPU.ActiveCfg = Release|Any CPU
		{9833D621-B2B7-4DC2-8666-2D39F7B382D4}.Release|Any CPU.Build.0 = Release|Any CPU
		{6C3825FC-B342-430C-8EDD-7FAA8C63FE75}.Debug|Any CPU.ActiveCfg = Debug|Any CPU
		{6C3825FC-B342-430C-8EDD-7FAA8C63FE75}.Debug|Any CPU.Build.0 = Debug|Any CPU
		{6C3825FC-B342-430C-8EDD-7FAA8C63FE75}.Release|Any CPU.ActiveCfg = Release|Any CPU
		{6C3825FC-B342-430C-8EDD-7FAA8C63FE75}.Release|Any CPU.Build.0 = Release|Any CPU
		{82EEE7F9-63CE-49C2-B57E-E0FF034BA420}.Debug|Any CPU.ActiveCfg = Debug|Any CPU
		{82EEE7F9-63CE-49C2-B57E-E0FF034BA420}.Debug|Any CPU.Build.0 = Debug|Any CPU
		{82EEE7F9-63CE-49C2-B57E-E0FF034BA420}.Release|Any CPU.ActiveCfg = Release|Any CPU
		{82EEE7F9-63CE-49C2-B57E-E0FF034BA420}.Release|Any CPU.Build.0 = Release|Any CPU
		{FCAECAFC-7FA5-44C8-ADF9-7D13C43A605D}.Debug|Any CPU.ActiveCfg = Debug|Any CPU
		{FCAECAFC-7FA5-44C8-ADF9-7D13C43A605D}.Debug|Any CPU.Build.0 = Debug|Any CPU
		{FCAECAFC-7FA5-44C8-ADF9-7D13C43A605D}.Release|Any CPU.ActiveCfg = Release|Any CPU
		{FCAECAFC-7FA5-44C8-ADF9-7D13C43A605D}.Release|Any CPU.Build.0 = Release|Any CPU
		{7C8BA45E-4FFA-45D5-87F5-28B43F54FFD6}.Debug|Any CPU.ActiveCfg = Debug|Any CPU
		{7C8BA45E-4FFA-45D5-87F5-28B43F54FFD6}.Debug|Any CPU.Build.0 = Debug|Any CPU
		{7C8BA45E-4FFA-45D5-87F5-28B43F54FFD6}.Release|Any CPU.ActiveCfg = Release|Any CPU
		{7C8BA45E-4FFA-45D5-87F5-28B43F54FFD6}.Release|Any CPU.Build.0 = Release|Any CPU
	EndGlobalSection
	GlobalSection(SolutionProperties) = preSolution
		HideSolutionNode = FALSE
	EndGlobalSection
	GlobalSection(NestedProjects) = preSolution
		{8B919A50-44B7-4372-8D18-FBE5229552D1} = {D0AEDF95-B70D-431C-9F0E-1E3A7A9CB8C9}
		{72A6F4DC-207B-4F92-8CA4-78BCFA36F63C} = {D0AEDF95-B70D-431C-9F0E-1E3A7A9CB8C9}
		{014B7226-AF05-484A-956F-7D1A70E4D0C5} = {FF6FD770-B2F4-4FAD-A87B-0848FE2862D6}
		{EBABD819-B0D3-4B48-BE3D-A2EDD22E4F82} = {EF5A0CB4-0A29-45AF-9586-514F3A17A815}
		{E5DFCDEB-1AF7-4888-9B38-3C23CAE64B9B} = {02EA681E-C7D8-13C7-8484-4AC65E1B71E8}
		{9833D621-B2B7-4DC2-8666-2D39F7B382D4} = {F81A5FF4-27BC-42BA-86AC-AA2E1755B30F}
		{6C3825FC-B342-430C-8EDD-7FAA8C63FE75} = {F81A5FF4-27BC-42BA-86AC-AA2E1755B30F}
		{82EEE7F9-63CE-49C2-B57E-E0FF034BA420} = {17F7B902-BDC2-44E2-864E-EB1BA6402177}
		{FCAECAFC-7FA5-44C8-ADF9-7D13C43A605D} = {17F7B902-BDC2-44E2-864E-EB1BA6402177}
		{7C8BA45E-4FFA-45D5-87F5-28B43F54FFD6} = {F81A5FF4-27BC-42BA-86AC-AA2E1755B30F}
	EndGlobalSection
	GlobalSection(ExtensibilityGlobals) = postSolution
		SolutionGuid = {2AF5056C-D82B-4C12-BB44-7B3F42370889}
	EndGlobalSection
EndGlobal
